// !$*UTF8*$!
{
	archiveVersion = 1;
	classes = {
	};
	objectVersion = 50;
	objects = {

/* Begin PBXBuildFile section */
		027038912353CCE20042A6C3 /* ReadMe.rtf in Resources */ = {isa = PBXBuildFile; fileRef = 027038902353CCE20042A6C3 /* ReadMe.rtf */; };
		02D2110C2309F2E7007F7B5E /* CTGradient.m in Sources */ = {isa = PBXBuildFile; fileRef = 02D210F12309F2E7007F7B5E /* CTGradient.m */; };
		02D2110D2309F2E7007F7B5E /* MidiKeyView.m in Sources */ = {isa = PBXBuildFile; fileRef = 02D210F32309F2E7007F7B5E /* MidiKeyView.m */; };
		02D2110E2309F2E7007F7B5E /* KeyMapManager.m in Sources */ = {isa = PBXBuildFile; fileRef = 02D210F52309F2E7007F7B5E /* KeyMapManager.m */; };
		02D2110F2309F2E7007F7B5E /* MidiKeyMap.m in Sources */ = {isa = PBXBuildFile; fileRef = 02D210F72309F2E7007F7B5E /* MidiKeyMap.m */; };
		02D211102309F2E7007F7B5E /* PreferencesController.m in Sources */ = {isa = PBXBuildFile; fileRef = 02D210FD2309F2E7007F7B5E /* PreferencesController.m */; };
		02D211112309F2E7007F7B5E /* AppController.m in Sources */ = {isa = PBXBuildFile; fileRef = 02D211002309F2E7007F7B5E /* AppController.m */; };
		02D211122309F2E7007F7B5E /* MidiParser.m in Sources */ = {isa = PBXBuildFile; fileRef = 02D211012309F2E7007F7B5E /* MidiParser.m */; };
		02D211132309F2E7007F7B5E /* MidiKeysApplication.m in Sources */ = {isa = PBXBuildFile; fileRef = 02D211032309F2E7007F7B5E /* MidiKeysApplication.m */; };
		02D211142309F2E7007F7B5E /* main.m in Sources */ = {isa = PBXBuildFile; fileRef = 02D211042309F2E7007F7B5E /* main.m */; };
		02D211162309F2E7007F7B5E /* ColourDefaults.m in Sources */ = {isa = PBXBuildFile; fileRef = 02D211072309F2E7007F7B5E /* ColourDefaults.m */; };
		02D211172309F2E7007F7B5E /* EndpointDefaults.m in Sources */ = {isa = PBXBuildFile; fileRef = 02D211092309F2E7007F7B5E /* EndpointDefaults.m */; };
		02D211182309F2E7007F7B5E /* OverlayIndicator.m in Sources */ = {isa = PBXBuildFile; fileRef = 02D2110A2309F2E7007F7B5E /* OverlayIndicator.m */; };
		02D2112A2309F540007F7B5E /* ShortcutRecorder.framework in Frameworks */ = {isa = PBXBuildFile; fileRef = 02D211292309F540007F7B5E /* ShortcutRecorder.framework */; };
		02D211392309FC4E007F7B5E /* ShortcutRecorder.framework in CopyFiles */ = {isa = PBXBuildFile; fileRef = 02D211292309F540007F7B5E /* ShortcutRecorder.framework */; settings = {ATTRIBUTES = (CodeSignOnCopy, RemoveHeadersOnCopy, ); }; };
		02D2113D2309FCE0007F7B5E /* CoreMIDI.framework in Frameworks */ = {isa = PBXBuildFile; fileRef = 02D2113C2309FCE0007F7B5E /* CoreMIDI.framework */; };
		02D2113F2309FCEE007F7B5E /* CoreAudio.framework in Frameworks */ = {isa = PBXBuildFile; fileRef = 02D2113E2309FCEE007F7B5E /* CoreAudio.framework */; };
		02D2115C2309FEA8007F7B5E /* Localizable.strings in Resources */ = {isa = PBXBuildFile; fileRef = 02D211462309FEA8007F7B5E /* Localizable.strings */; };
		02D2115D2309FEA8007F7B5E /* InfoPlist.strings in Resources */ = {isa = PBXBuildFile; fileRef = 02D211482309FEA8007F7B5E /* InfoPlist.strings */; };
		02D2115E2309FEA8007F7B5E /* Preferences.xib in Resources */ = {isa = PBXBuildFile; fileRef = 02D2114A2309FEA8007F7B5E /* Preferences.xib */; };
		02D2115F2309FEA8007F7B5E /* MainMenu.xib in Resources */ = {isa = PBXBuildFile; fileRef = 02D2114C2309FEA8007F7B5E /* MainMenu.xib */; };
		02D211602309FEA8007F7B5E /* Credits.html in Resources */ = {isa = PBXBuildFile; fileRef = 02D2114E2309FEA8007F7B5E /* Credits.html */; };
		02D211612309FEA8007F7B5E /* KeyMapNames.strings in Resources */ = {isa = PBXBuildFile; fileRef = 02D211502309FEA8007F7B5E /* KeyMapNames.strings */; };
		02D211642309FEA8007F7B5E /* Assets.xcassets in Resources */ = {isa = PBXBuildFile; fileRef = 02D211552309FEA8007F7B5E /* Assets.xcassets */; };
		02D211672309FEA8007F7B5E /* dsa_pub.pem in Resources */ = {isa = PBXBuildFile; fileRef = 02D211582309FEA8007F7B5E /* dsa_pub.pem */; };
		02D211692309FEA8007F7B5E /* KeyMaps.plist in Resources */ = {isa = PBXBuildFile; fileRef = 02D2115A2309FEA8007F7B5E /* KeyMaps.plist */; };
		02F7664E234001630077D366 /* Sparkle.framework in Frameworks */ = {isa = PBXBuildFile; fileRef = 02F7664D234001630077D366 /* Sparkle.framework */; };
		02F7664F234001630077D366 /* Sparkle.framework in CopyFiles */ = {isa = PBXBuildFile; fileRef = 02F7664D234001630077D366 /* Sparkle.framework */; settings = {ATTRIBUTES = (CodeSignOnCopy, RemoveHeadersOnCopy, ); }; };
/* End PBXBuildFile section */

/* Begin PBXCopyFilesBuildPhase section */
		02D211382309FC35007F7B5E /* CopyFiles */ = {
			isa = PBXCopyFilesBuildPhase;
			buildActionMask = 2147483647;
			dstPath = "";
			dstSubfolderSpec = 10;
			files = (
				02D211392309FC4E007F7B5E /* ShortcutRecorder.framework in CopyFiles */,
				02F7664F234001630077D366 /* Sparkle.framework in CopyFiles */,
			);
			runOnlyForDeploymentPostprocessing = 0;
		};
/* End PBXCopyFilesBuildPhase section */

/* Begin PBXFileReference section */
		022368EA256B22790087FB13 /* ci.xcconfig */ = {isa = PBXFileReference; lastKnownFileType = text.xcconfig; path = ci.xcconfig; sourceTree = SOURCE_ROOT; };
		027038902353CCE20042A6C3 /* ReadMe.rtf */ = {isa = PBXFileReference; fileEncoding = 4; lastKnownFileType = text.rtf; name = ReadMe.rtf; path = docs/ReadMe.rtf; sourceTree = SOURCE_ROOT; };
		02D210DC2309F20A007F7B5E /* MidiKeys.app */ = {isa = PBXFileReference; explicitFileType = wrapper.application; includeInIndex = 0; path = MidiKeys.app; sourceTree = BUILT_PRODUCTS_DIR; };
		02D210F12309F2E7007F7B5E /* CTGradient.m */ = {isa = PBXFileReference; fileEncoding = 4; lastKnownFileType = sourcecode.c.objc; path = CTGradient.m; sourceTree = "<group>"; };
		02D210F22309F2E7007F7B5E /* MidiKeysApplication.h */ = {isa = PBXFileReference; fileEncoding = 4; lastKnownFileType = sourcecode.c.h; path = MidiKeysApplication.h; sourceTree = "<group>"; };
		02D210F32309F2E7007F7B5E /* MidiKeyView.m */ = {isa = PBXFileReference; fileEncoding = 4; lastKnownFileType = sourcecode.c.objc; path = MidiKeyView.m; sourceTree = "<group>"; };
		02D210F42309F2E7007F7B5E /* MidiParser.h */ = {isa = PBXFileReference; fileEncoding = 4; lastKnownFileType = sourcecode.c.h; path = MidiParser.h; sourceTree = "<group>"; };
		02D210F52309F2E7007F7B5E /* KeyMapManager.m */ = {isa = PBXFileReference; fileEncoding = 4; lastKnownFileType = sourcecode.c.objc; path = KeyMapManager.m; sourceTree = "<group>"; };
		02D210F62309F2E7007F7B5E /* AppController.h */ = {isa = PBXFileReference; fileEncoding = 4; lastKnownFileType = sourcecode.c.h; path = AppController.h; sourceTree = "<group>"; };
		02D210F72309F2E7007F7B5E /* MidiKeyMap.m */ = {isa = PBXFileReference; fileEncoding = 4; lastKnownFileType = sourcecode.c.objc; path = MidiKeyMap.m; sourceTree = "<group>"; };
		02D210F82309F2E7007F7B5E /* MIDI.h */ = {isa = PBXFileReference; fileEncoding = 4; lastKnownFileType = sourcecode.c.h; path = MIDI.h; sourceTree = "<group>"; };
		02D210F92309F2E7007F7B5E /* ColourDefaults.h */ = {isa = PBXFileReference; fileEncoding = 4; lastKnownFileType = sourcecode.c.h; path = ColourDefaults.h; sourceTree = "<group>"; };
		02D210FA2309F2E7007F7B5E /* OverlayIndicator.h */ = {isa = PBXFileReference; fileEncoding = 4; lastKnownFileType = sourcecode.c.h; path = OverlayIndicator.h; sourceTree = "<group>"; };
		02D210FB2309F2E7007F7B5E /* EndpointDefaults.h */ = {isa = PBXFileReference; fileEncoding = 4; lastKnownFileType = sourcecode.c.h; path = EndpointDefaults.h; sourceTree = "<group>"; };
		02D210FC2309F2E7007F7B5E /* Preferences.h */ = {isa = PBXFileReference; fileEncoding = 4; lastKnownFileType = sourcecode.c.h; path = Preferences.h; sourceTree = "<group>"; };
		02D210FD2309F2E7007F7B5E /* PreferencesController.m */ = {isa = PBXFileReference; fileEncoding = 4; lastKnownFileType = sourcecode.c.objc; path = PreferencesController.m; sourceTree = "<group>"; };
		02D210FF2309F2E7007F7B5E /* KeyMapManager.h */ = {isa = PBXFileReference; fileEncoding = 4; lastKnownFileType = sourcecode.c.h; path = KeyMapManager.h; sourceTree = "<group>"; };
		02D211002309F2E7007F7B5E /* AppController.m */ = {isa = PBXFileReference; fileEncoding = 4; lastKnownFileType = sourcecode.c.objc; path = AppController.m; sourceTree = "<group>"; };
		02D211012309F2E7007F7B5E /* MidiParser.m */ = {isa = PBXFileReference; fileEncoding = 4; lastKnownFileType = sourcecode.c.objc; path = MidiParser.m; sourceTree = "<group>"; };
		02D211022309F2E7007F7B5E /* MidiKeyView.h */ = {isa = PBXFileReference; fileEncoding = 4; lastKnownFileType = sourcecode.c.h; path = MidiKeyView.h; sourceTree = "<group>"; };
		02D211032309F2E7007F7B5E /* MidiKeysApplication.m */ = {isa = PBXFileReference; fileEncoding = 4; lastKnownFileType = sourcecode.c.objc; path = MidiKeysApplication.m; sourceTree = "<group>"; };
		02D211042309F2E7007F7B5E /* main.m */ = {isa = PBXFileReference; fileEncoding = 4; lastKnownFileType = sourcecode.c.objc; path = main.m; sourceTree = "<group>"; };
		02D211052309F2E7007F7B5E /* CTGradient.h */ = {isa = PBXFileReference; fileEncoding = 4; lastKnownFileType = sourcecode.c.h; path = CTGradient.h; sourceTree = "<group>"; };
		02D211072309F2E7007F7B5E /* ColourDefaults.m */ = {isa = PBXFileReference; fileEncoding = 4; lastKnownFileType = sourcecode.c.objc; path = ColourDefaults.m; sourceTree = "<group>"; };
		02D211082309F2E7007F7B5E /* MidiKeyMap.h */ = {isa = PBXFileReference; fileEncoding = 4; lastKnownFileType = sourcecode.c.h; path = MidiKeyMap.h; sourceTree = "<group>"; };
		02D211092309F2E7007F7B5E /* EndpointDefaults.m */ = {isa = PBXFileReference; fileEncoding = 4; lastKnownFileType = sourcecode.c.objc; path = EndpointDefaults.m; sourceTree = "<group>"; };
		02D2110A2309F2E7007F7B5E /* OverlayIndicator.m */ = {isa = PBXFileReference; fileEncoding = 4; lastKnownFileType = sourcecode.c.objc; path = OverlayIndicator.m; sourceTree = "<group>"; };
		02D2110B2309F2E7007F7B5E /* PreferencesController.h */ = {isa = PBXFileReference; fileEncoding = 4; lastKnownFileType = sourcecode.c.h; path = PreferencesController.h; sourceTree = "<group>"; };
		02D211292309F540007F7B5E /* ShortcutRecorder.framework */ = {isa = PBXFileReference; explicitFileType = wrapper.framework; path = ShortcutRecorder.framework; sourceTree = BUILT_PRODUCTS_DIR; };
		02D2113C2309FCE0007F7B5E /* CoreMIDI.framework */ = {isa = PBXFileReference; lastKnownFileType = wrapper.framework; name = CoreMIDI.framework; path = System/Library/Frameworks/CoreMIDI.framework; sourceTree = SDKROOT; };
		02D2113E2309FCEE007F7B5E /* CoreAudio.framework */ = {isa = PBXFileReference; lastKnownFileType = wrapper.framework; name = CoreAudio.framework; path = System/Library/Frameworks/CoreAudio.framework; sourceTree = SDKROOT; };
		02D211472309FEA8007F7B5E /* en */ = {isa = PBXFileReference; lastKnownFileType = text.plist.strings; name = en; path = en.lproj/Localizable.strings; sourceTree = "<group>"; };
		02D211492309FEA8007F7B5E /* en */ = {isa = PBXFileReference; lastKnownFileType = text.plist.strings; name = en; path = en.lproj/InfoPlist.strings; sourceTree = "<group>"; };
		02D2114B2309FEA8007F7B5E /* en */ = {isa = PBXFileReference; lastKnownFileType = file.xib; name = en; path = en.lproj/Preferences.xib; sourceTree = "<group>"; };
		02D2114D2309FEA8007F7B5E /* en */ = {isa = PBXFileReference; lastKnownFileType = file.xib; name = en; path = en.lproj/MainMenu.xib; sourceTree = "<group>"; };
		02D2114F2309FEA8007F7B5E /* en */ = {isa = PBXFileReference; lastKnownFileType = text.html; name = en; path = en.lproj/Credits.html; sourceTree = "<group>"; };
		02D211512309FEA8007F7B5E /* en */ = {isa = PBXFileReference; lastKnownFileType = text.plist.strings; name = en; path = en.lproj/KeyMapNames.strings; sourceTree = "<group>"; };
		02D211532309FEA8007F7B5E /* MidiKeys.entitlements */ = {isa = PBXFileReference; fileEncoding = 4; lastKnownFileType = text.plist.entitlements; path = MidiKeys.entitlements; sourceTree = "<group>"; };
		02D211542309FEA8007F7B5E /* MidiKeys-Info.plist */ = {isa = PBXFileReference; fileEncoding = 4; lastKnownFileType = text.plist.xml; path = "MidiKeys-Info.plist"; sourceTree = "<group>"; };
		02D211552309FEA8007F7B5E /* Assets.xcassets */ = {isa = PBXFileReference; lastKnownFileType = folder.assetcatalog; path = Assets.xcassets; sourceTree = "<group>"; };
		02D211572309FEA8007F7B5E /* version_history.md */ = {isa = PBXFileReference; fileEncoding = 4; lastKnownFileType = net.daringfireball.markdown; path = version_history.md; sourceTree = "<group>"; };
		02D211582309FEA8007F7B5E /* dsa_pub.pem */ = {isa = PBXFileReference; fileEncoding = 4; lastKnownFileType = text; path = dsa_pub.pem; sourceTree = "<group>"; };
		02D2115A2309FEA8007F7B5E /* KeyMaps.plist */ = {isa = PBXFileReference; fileEncoding = 4; lastKnownFileType = text.plist.xml; path = KeyMaps.plist; sourceTree = "<group>"; };
		02F7664D234001630077D366 /* Sparkle.framework */ = {isa = PBXFileReference; lastKnownFileType = wrapper.framework; path = Sparkle.framework; sourceTree = "<group>"; };
		02FB1BB6230A033500A823AD /* de */ = {isa = PBXFileReference; lastKnownFileType = text.plist.strings; name = de; path = de.lproj/Localizable.strings; sourceTree = "<group>"; };
		02FB1BB7230A033500A823AD /* de */ = {isa = PBXFileReference; lastKnownFileType = text.plist.strings; name = de; path = de.lproj/InfoPlist.strings; sourceTree = "<group>"; };
		02FB1BB8230A033500A823AD /* de */ = {isa = PBXFileReference; lastKnownFileType = file.xib; name = de; path = de.lproj/Preferences.xib; sourceTree = "<group>"; };
		02FB1BB9230A033500A823AD /* de */ = {isa = PBXFileReference; lastKnownFileType = file.xib; name = de; path = de.lproj/MainMenu.xib; sourceTree = "<group>"; };
		02FB1BBA230A033500A823AD /* de */ = {isa = PBXFileReference; lastKnownFileType = text.html; name = de; path = de.lproj/Credits.html; sourceTree = "<group>"; };
		02FB1BBB230A033500A823AD /* de */ = {isa = PBXFileReference; lastKnownFileType = text.plist.strings; name = de; path = de.lproj/KeyMapNames.strings; sourceTree = "<group>"; };
		02FB1BBC231D956400A823AD /* fr */ = {isa = PBXFileReference; lastKnownFileType = text.plist.strings; name = fr; path = fr.lproj/Localizable.strings; sourceTree = "<group>"; };
		02FB1BBD231D956400A823AD /* fr */ = {isa = PBXFileReference; lastKnownFileType = text.plist.strings; name = fr; path = fr.lproj/InfoPlist.strings; sourceTree = "<group>"; };
		02FB1BBE231D956400A823AD /* fr */ = {isa = PBXFileReference; lastKnownFileType = file.xib; name = fr; path = fr.lproj/Preferences.xib; sourceTree = "<group>"; };
		02FB1BBF231D956400A823AD /* fr */ = {isa = PBXFileReference; lastKnownFileType = file.xib; name = fr; path = fr.lproj/MainMenu.xib; sourceTree = "<group>"; };
		02FB1BC0231D956400A823AD /* fr */ = {isa = PBXFileReference; lastKnownFileType = text.html; name = fr; path = fr.lproj/Credits.html; sourceTree = "<group>"; };
		02FB1BC1231D956400A823AD /* fr */ = {isa = PBXFileReference; lastKnownFileType = text.plist.strings; name = fr; path = fr.lproj/KeyMapNames.strings; sourceTree = "<group>"; };
/* End PBXFileReference section */

/* Begin PBXFrameworksBuildPhase section */
		02D210D92309F20A007F7B5E /* Frameworks */ = {
			isa = PBXFrameworksBuildPhase;
			buildActionMask = 2147483647;
			files = (
				02D2113F2309FCEE007F7B5E /* CoreAudio.framework in Frameworks */,
				02D2113D2309FCE0007F7B5E /* CoreMIDI.framework in Frameworks */,
				02D2112A2309F540007F7B5E /* ShortcutRecorder.framework in Frameworks */,
				02F7664E234001630077D366 /* Sparkle.framework in Frameworks */,
			);
			runOnlyForDeploymentPostprocessing = 0;
		};
/* End PBXFrameworksBuildPhase section */

/* Begin PBXGroup section */
		02D210D32309F20A007F7B5E = {
			isa = PBXGroup;
			children = (
				02D2116B2309FF36007F7B5E /* Documentation */,
				02D210F02309F2E7007F7B5E /* Source */,
				02D211452309FEA8007F7B5E /* Resources */,
				02D210DD2309F20A007F7B5E /* Products */,
				02D211282309F540007F7B5E /* Frameworks */,
			);
			sourceTree = "<group>";
		};
		02D210DD2309F20A007F7B5E /* Products */ = {
			isa = PBXGroup;
			children = (
				02D210DC2309F20A007F7B5E /* MidiKeys.app */,
			);
			name = Products;
			sourceTree = "<group>";
		};
		02D210F02309F2E7007F7B5E /* Source */ = {
			isa = PBXGroup;
			children = (
				02D210F62309F2E7007F7B5E /* AppController.h */,
				02D211002309F2E7007F7B5E /* AppController.m */,
				02D210F92309F2E7007F7B5E /* ColourDefaults.h */,
				02D211072309F2E7007F7B5E /* ColourDefaults.m */,
				02D211052309F2E7007F7B5E /* CTGradient.h */,
				02D210F12309F2E7007F7B5E /* CTGradient.m */,
				02D210FB2309F2E7007F7B5E /* EndpointDefaults.h */,
				02D211092309F2E7007F7B5E /* EndpointDefaults.m */,
				02D210FF2309F2E7007F7B5E /* KeyMapManager.h */,
				02D210F52309F2E7007F7B5E /* KeyMapManager.m */,
				02D211042309F2E7007F7B5E /* main.m */,
				02D210F82309F2E7007F7B5E /* MIDI.h */,
				02D211082309F2E7007F7B5E /* MidiKeyMap.h */,
				02D210F72309F2E7007F7B5E /* MidiKeyMap.m */,
				02D210F22309F2E7007F7B5E /* MidiKeysApplication.h */,
				02D211032309F2E7007F7B5E /* MidiKeysApplication.m */,
				02D211022309F2E7007F7B5E /* MidiKeyView.h */,
				02D210F32309F2E7007F7B5E /* MidiKeyView.m */,
				02D210F42309F2E7007F7B5E /* MidiParser.h */,
				02D211012309F2E7007F7B5E /* MidiParser.m */,
				02D210FA2309F2E7007F7B5E /* OverlayIndicator.h */,
				02D2110A2309F2E7007F7B5E /* OverlayIndicator.m */,
				02D210FC2309F2E7007F7B5E /* Preferences.h */,
				02D2110B2309F2E7007F7B5E /* PreferencesController.h */,
				02D210FD2309F2E7007F7B5E /* PreferencesController.m */,
			);
			path = Source;
			sourceTree = "<group>";
		};
		02D211282309F540007F7B5E /* Frameworks */ = {
			isa = PBXGroup;
			children = (
				02F7664D234001630077D366 /* Sparkle.framework */,
				02D2113E2309FCEE007F7B5E /* CoreAudio.framework */,
				02D2113C2309FCE0007F7B5E /* CoreMIDI.framework */,
				02D211292309F540007F7B5E /* ShortcutRecorder.framework */,
			);
			name = Frameworks;
			sourceTree = "<group>";
		};
		02D211452309FEA8007F7B5E /* Resources */ = {
			isa = PBXGroup;
			children = (
				02D211462309FEA8007F7B5E /* Localizable.strings */,
				02D211482309FEA8007F7B5E /* InfoPlist.strings */,
				02D2114A2309FEA8007F7B5E /* Preferences.xib */,
				02D2114C2309FEA8007F7B5E /* MainMenu.xib */,
				02D2114E2309FEA8007F7B5E /* Credits.html */,
				02D211502309FEA8007F7B5E /* KeyMapNames.strings */,
				02D211532309FEA8007F7B5E /* MidiKeys.entitlements */,
				02D211542309FEA8007F7B5E /* MidiKeys-Info.plist */,
				02D211552309FEA8007F7B5E /* Assets.xcassets */,
				02D211582309FEA8007F7B5E /* dsa_pub.pem */,
				02D2115A2309FEA8007F7B5E /* KeyMaps.plist */,
				022368EA256B22790087FB13 /* ci.xcconfig */,
			);
			path = Resources;
			sourceTree = "<group>";
		};
		02D2116B2309FF36007F7B5E /* Documentation */ = {
			isa = PBXGroup;
			children = (
				02D211572309FEA8007F7B5E /* version_history.md */,
				027038902353CCE20042A6C3 /* ReadMe.rtf */,
			);
			name = Documentation;
			sourceTree = "<group>";
		};
/* End PBXGroup section */

/* Begin PBXNativeTarget section */
		02D210DB2309F20A007F7B5E /* MidiKeys */ = {
			isa = PBXNativeTarget;
			buildConfigurationList = 02D210ED2309F20C007F7B5E /* Build configuration list for PBXNativeTarget "MidiKeys" */;
			buildPhases = (
				02D210D82309F20A007F7B5E /* Sources */,
				02D210D92309F20A007F7B5E /* Frameworks */,
				02D210DA2309F20A007F7B5E /* Resources */,
				02D211382309FC35007F7B5E /* CopyFiles */,
			);
			buildRules = (
			);
			dependencies = (
			);
			name = MidiKeys;
			productName = MidiKeys;
			productReference = 02D210DC2309F20A007F7B5E /* MidiKeys.app */;
			productType = "com.apple.product-type.application";
		};
/* End PBXNativeTarget section */

/* Begin PBXProject section */
		02D210D42309F20A007F7B5E /* Project object */ = {
			isa = PBXProject;
			attributes = {
				LastUpgradeCheck = 1030;
				ORGANIZATIONNAME = "Immo Software";
				TargetAttributes = {
					02D210DB2309F20A007F7B5E = {
						CreatedOnToolsVersion = 10.3;
						SystemCapabilities = {
							com.apple.Sandbox = {
								enabled = 1;
							};
						};
					};
				};
			};
			buildConfigurationList = 02D210D72309F20A007F7B5E /* Build configuration list for PBXProject "MidiKeys" */;
			compatibilityVersion = "Xcode 9.3";
			developmentRegion = en;
			hasScannedForEncodings = 0;
			knownRegions = (
				en,
				de,
				fr,
			);
			mainGroup = 02D210D32309F20A007F7B5E;
			productRefGroup = 02D210DD2309F20A007F7B5E /* Products */;
			projectDirPath = "";
			projectRoot = "";
			targets = (
				02D210DB2309F20A007F7B5E /* MidiKeys */,
			);
		};
/* End PBXProject section */

/* Begin PBXResourcesBuildPhase section */
		02D210DA2309F20A007F7B5E /* Resources */ = {
			isa = PBXResourcesBuildPhase;
			buildActionMask = 2147483647;
			files = (
				02D211692309FEA8007F7B5E /* KeyMaps.plist in Resources */,
				02D211602309FEA8007F7B5E /* Credits.html in Resources */,
				02D211672309FEA8007F7B5E /* dsa_pub.pem in Resources */,
				02D2115C2309FEA8007F7B5E /* Localizable.strings in Resources */,
				02D211612309FEA8007F7B5E /* KeyMapNames.strings in Resources */,
				02D2115D2309FEA8007F7B5E /* InfoPlist.strings in Resources */,
				02D2115E2309FEA8007F7B5E /* Preferences.xib in Resources */,
				02D2115F2309FEA8007F7B5E /* MainMenu.xib in Resources */,
				027038912353CCE20042A6C3 /* ReadMe.rtf in Resources */,
				02D211642309FEA8007F7B5E /* Assets.xcassets in Resources */,
			);
			runOnlyForDeploymentPostprocessing = 0;
		};
/* End PBXResourcesBuildPhase section */

/* Begin PBXSourcesBuildPhase section */
		02D210D82309F20A007F7B5E /* Sources */ = {
			isa = PBXSourcesBuildPhase;
			buildActionMask = 2147483647;
			files = (
				02D211102309F2E7007F7B5E /* PreferencesController.m in Sources */,
				02D211112309F2E7007F7B5E /* AppController.m in Sources */,
				02D211122309F2E7007F7B5E /* MidiParser.m in Sources */,
				02D211132309F2E7007F7B5E /* MidiKeysApplication.m in Sources */,
				02D211172309F2E7007F7B5E /* EndpointDefaults.m in Sources */,
				02D2110C2309F2E7007F7B5E /* CTGradient.m in Sources */,
				02D2110F2309F2E7007F7B5E /* MidiKeyMap.m in Sources */,
				02D2110D2309F2E7007F7B5E /* MidiKeyView.m in Sources */,
				02D211182309F2E7007F7B5E /* OverlayIndicator.m in Sources */,
				02D211142309F2E7007F7B5E /* main.m in Sources */,
				02D2110E2309F2E7007F7B5E /* KeyMapManager.m in Sources */,
				02D211162309F2E7007F7B5E /* ColourDefaults.m in Sources */,
			);
			runOnlyForDeploymentPostprocessing = 0;
		};
/* End PBXSourcesBuildPhase section */

/* Begin PBXVariantGroup section */
		02D211462309FEA8007F7B5E /* Localizable.strings */ = {
			isa = PBXVariantGroup;
			children = (
				02D211472309FEA8007F7B5E /* en */,
				02FB1BB6230A033500A823AD /* de */,
				02FB1BBC231D956400A823AD /* fr */,
			);
			name = Localizable.strings;
			sourceTree = "<group>";
		};
		02D211482309FEA8007F7B5E /* InfoPlist.strings */ = {
			isa = PBXVariantGroup;
			children = (
				02D211492309FEA8007F7B5E /* en */,
				02FB1BB7230A033500A823AD /* de */,
				02FB1BBD231D956400A823AD /* fr */,
			);
			name = InfoPlist.strings;
			sourceTree = "<group>";
		};
		02D2114A2309FEA8007F7B5E /* Preferences.xib */ = {
			isa = PBXVariantGroup;
			children = (
				02D2114B2309FEA8007F7B5E /* en */,
				02FB1BB8230A033500A823AD /* de */,
				02FB1BBE231D956400A823AD /* fr */,
			);
			name = Preferences.xib;
			sourceTree = "<group>";
		};
		02D2114C2309FEA8007F7B5E /* MainMenu.xib */ = {
			isa = PBXVariantGroup;
			children = (
				02D2114D2309FEA8007F7B5E /* en */,
				02FB1BB9230A033500A823AD /* de */,
				02FB1BBF231D956400A823AD /* fr */,
			);
			name = MainMenu.xib;
			sourceTree = "<group>";
		};
		02D2114E2309FEA8007F7B5E /* Credits.html */ = {
			isa = PBXVariantGroup;
			children = (
				02D2114F2309FEA8007F7B5E /* en */,
				02FB1BBA230A033500A823AD /* de */,
				02FB1BC0231D956400A823AD /* fr */,
			);
			name = Credits.html;
			sourceTree = "<group>";
		};
		02D211502309FEA8007F7B5E /* KeyMapNames.strings */ = {
			isa = PBXVariantGroup;
			children = (
				02D211512309FEA8007F7B5E /* en */,
				02FB1BBB230A033500A823AD /* de */,
				02FB1BC1231D956400A823AD /* fr */,
			);
			name = KeyMapNames.strings;
			sourceTree = "<group>";
		};
/* End PBXVariantGroup section */

/* Begin XCBuildConfiguration section */
		02D210EB2309F20C007F7B5E /* Debug */ = {
			isa = XCBuildConfiguration;
			buildSettings = {
				ALWAYS_SEARCH_USER_PATHS = NO;
				CLANG_ANALYZER_LOCALIZABILITY_NONLOCALIZED = YES;
				CLANG_ANALYZER_NONNULL = YES;
				CLANG_ANALYZER_NUMBER_OBJECT_CONVERSION = YES_AGGRESSIVE;
				CLANG_CXX_LANGUAGE_STANDARD = "gnu++14";
				CLANG_CXX_LIBRARY = "libc++";
				CLANG_ENABLE_MODULES = YES;
				CLANG_ENABLE_OBJC_ARC = YES;
				CLANG_ENABLE_OBJC_WEAK = YES;
				CLANG_WARN_BLOCK_CAPTURE_AUTORELEASING = YES;
				CLANG_WARN_BOOL_CONVERSION = YES;
				CLANG_WARN_COMMA = YES;
				CLANG_WARN_CONSTANT_CONVERSION = YES;
				CLANG_WARN_DEPRECATED_OBJC_IMPLEMENTATIONS = YES;
				CLANG_WARN_DIRECT_OBJC_ISA_USAGE = YES_ERROR;
				CLANG_WARN_DOCUMENTATION_COMMENTS = YES;
				CLANG_WARN_EMPTY_BODY = YES;
				CLANG_WARN_ENUM_CONVERSION = YES;
				CLANG_WARN_INFINITE_RECURSION = YES;
				CLANG_WARN_INT_CONVERSION = YES;
				CLANG_WARN_NON_LITERAL_NULL_CONVERSION = YES;
				CLANG_WARN_OBJC_IMPLICIT_RETAIN_SELF = YES;
				CLANG_WARN_OBJC_LITERAL_CONVERSION = YES;
				CLANG_WARN_OBJC_ROOT_CLASS = YES_ERROR;
				CLANG_WARN_RANGE_LOOP_ANALYSIS = YES;
				CLANG_WARN_STRICT_PROTOTYPES = YES;
				CLANG_WARN_SUSPICIOUS_MOVE = YES;
				CLANG_WARN_UNGUARDED_AVAILABILITY = YES_AGGRESSIVE;
				CLANG_WARN_UNREACHABLE_CODE = YES;
				CLANG_WARN__DUPLICATE_METHOD_MATCH = YES;
				CODE_SIGN_IDENTITY = "Mac Developer";
				COPY_PHASE_STRIP = NO;
				DEBUG_INFORMATION_FORMAT = dwarf;
				ENABLE_STRICT_OBJC_MSGSEND = YES;
				ENABLE_TESTABILITY = YES;
				GCC_C_LANGUAGE_STANDARD = gnu11;
				GCC_DYNAMIC_NO_PIC = NO;
				GCC_NO_COMMON_BLOCKS = YES;
				GCC_OPTIMIZATION_LEVEL = 0;
				GCC_PREPROCESSOR_DEFINITIONS = (
					"DEBUG=1",
					"$(inherited)",
				);
				GCC_WARN_64_TO_32_BIT_CONVERSION = YES;
				GCC_WARN_ABOUT_RETURN_TYPE = YES_ERROR;
				GCC_WARN_UNDECLARED_SELECTOR = YES;
				GCC_WARN_UNINITIALIZED_AUTOS = YES_AGGRESSIVE;
				GCC_WARN_UNUSED_FUNCTION = YES;
				GCC_WARN_UNUSED_VARIABLE = YES;
				MACOSX_DEPLOYMENT_TARGET = 10.11;
				MTL_ENABLE_DEBUG_INFO = INCLUDE_SOURCE;
				MTL_FAST_MATH = YES;
				ONLY_ACTIVE_ARCH = YES;
				SDKROOT = macosx;
			};
			name = Debug;
		};
		02D210EC2309F20C007F7B5E /* Release */ = {
			isa = XCBuildConfiguration;
			buildSettings = {
				ALWAYS_SEARCH_USER_PATHS = NO;
				CLANG_ANALYZER_LOCALIZABILITY_NONLOCALIZED = YES;
				CLANG_ANALYZER_NONNULL = YES;
				CLANG_ANALYZER_NUMBER_OBJECT_CONVERSION = YES_AGGRESSIVE;
				CLANG_CXX_LANGUAGE_STANDARD = "gnu++14";
				CLANG_CXX_LIBRARY = "libc++";
				CLANG_ENABLE_MODULES = YES;
				CLANG_ENABLE_OBJC_ARC = YES;
				CLANG_ENABLE_OBJC_WEAK = YES;
				CLANG_WARN_BLOCK_CAPTURE_AUTORELEASING = YES;
				CLANG_WARN_BOOL_CONVERSION = YES;
				CLANG_WARN_COMMA = YES;
				CLANG_WARN_CONSTANT_CONVERSION = YES;
				CLANG_WARN_DEPRECATED_OBJC_IMPLEMENTATIONS = YES;
				CLANG_WARN_DIRECT_OBJC_ISA_USAGE = YES_ERROR;
				CLANG_WARN_DOCUMENTATION_COMMENTS = YES;
				CLANG_WARN_EMPTY_BODY = YES;
				CLANG_WARN_ENUM_CONVERSION = YES;
				CLANG_WARN_INFINITE_RECURSION = YES;
				CLANG_WARN_INT_CONVERSION = YES;
				CLANG_WARN_NON_LITERAL_NULL_CONVERSION = YES;
				CLANG_WARN_OBJC_IMPLICIT_RETAIN_SELF = YES;
				CLANG_WARN_OBJC_LITERAL_CONVERSION = YES;
				CLANG_WARN_OBJC_ROOT_CLASS = YES_ERROR;
				CLANG_WARN_RANGE_LOOP_ANALYSIS = YES;
				CLANG_WARN_STRICT_PROTOTYPES = YES;
				CLANG_WARN_SUSPICIOUS_MOVE = YES;
				CLANG_WARN_UNGUARDED_AVAILABILITY = YES_AGGRESSIVE;
				CLANG_WARN_UNREACHABLE_CODE = YES;
				CLANG_WARN__DUPLICATE_METHOD_MATCH = YES;
				CODE_SIGN_IDENTITY = "Mac Developer";
				COPY_PHASE_STRIP = NO;
				DEBUG_INFORMATION_FORMAT = "dwarf-with-dsym";
				ENABLE_NS_ASSERTIONS = NO;
				ENABLE_STRICT_OBJC_MSGSEND = YES;
				GCC_C_LANGUAGE_STANDARD = gnu11;
				GCC_NO_COMMON_BLOCKS = YES;
				GCC_WARN_64_TO_32_BIT_CONVERSION = YES;
				GCC_WARN_ABOUT_RETURN_TYPE = YES_ERROR;
				GCC_WARN_UNDECLARED_SELECTOR = YES;
				GCC_WARN_UNINITIALIZED_AUTOS = YES_AGGRESSIVE;
				GCC_WARN_UNUSED_FUNCTION = YES;
				GCC_WARN_UNUSED_VARIABLE = YES;
				MACOSX_DEPLOYMENT_TARGET = 10.11;
				MTL_ENABLE_DEBUG_INFO = NO;
				MTL_FAST_MATH = YES;
				SDKROOT = macosx;
			};
			name = Release;
		};
		02D210EE2309F20C007F7B5E /* Debug */ = {
			isa = XCBuildConfiguration;
			buildSettings = {
				ASSETCATALOG_COMPILER_APPICON_NAME = AppIcon;
				CLANG_ENABLE_OBJC_ARC = NO;
				CODE_SIGN_ENTITLEMENTS = Resources/MidiKeys.entitlements;
				CODE_SIGN_STYLE = Automatic;
				COMBINE_HIDPI_IMAGES = YES;
				DEVELOPMENT_TEAM = 26G7NGZPAT;
				ENABLE_HARDENED_RUNTIME = YES;
				FRAMEWORK_SEARCH_PATHS = (
					"$(inherited)",
					"$(PROJECT_DIR)",
				);
				INFOPLIST_FILE = "$(SRCROOT)/Resources/MidiKeys-Info.plist";
				LD_RUNPATH_SEARCH_PATHS = (
					"$(inherited)",
					"@executable_path/../Frameworks",
				);
				MACOSX_DEPLOYMENT_TARGET = 10.11;
				MARKETING_VERSION = 1.9;
				PRODUCT_BUNDLE_IDENTIFIER = com.immosw.MidiKeys;
				PRODUCT_NAME = "$(TARGET_NAME)";
				WARNING_CFLAGS = "-Wmost";
			};
			name = Debug;
		};
		02D210EF2309F20C007F7B5E /* Release */ = {
			isa = XCBuildConfiguration;
			buildSettings = {
				ASSETCATALOG_COMPILER_APPICON_NAME = AppIcon;
				CLANG_ENABLE_OBJC_ARC = NO;
				CODE_SIGN_ENTITLEMENTS = Resources/MidiKeys.entitlements;
				CODE_SIGN_STYLE = Automatic;
				COMBINE_HIDPI_IMAGES = YES;
				DEVELOPMENT_TEAM = 26G7NGZPAT;
				ENABLE_HARDENED_RUNTIME = YES;
				FRAMEWORK_SEARCH_PATHS = (
					"$(inherited)",
					"$(PROJECT_DIR)",
				);
				INFOPLIST_FILE = "$(SRCROOT)/Resources/MidiKeys-Info.plist";
				LD_RUNPATH_SEARCH_PATHS = (
					"$(inherited)",
					"@executable_path/../Frameworks",
				);
				MACOSX_DEPLOYMENT_TARGET = 10.11;
				MARKETING_VERSION = 1.9;
				PRODUCT_BUNDLE_IDENTIFIER = com.immosw.MidiKeys;
				PRODUCT_NAME = "$(TARGET_NAME)";
				WARNING_CFLAGS = "-Wmost";
			};
			name = Release;
		};
/* End XCBuildConfiguration section */

/* Begin XCConfigurationList section */
		02D210D72309F20A007F7B5E /* Build configuration list for PBXProject "MidiKeys" */ = {
			isa = XCConfigurationList;
			buildConfigurations = (
				02D210EB2309F20C007F7B5E /* Debug */,
				02D210EC2309F20C007F7B5E /* Release */,
			);
			defaultConfigurationIsVisible = 0;
			defaultConfigurationName = Release;
		};
		02D210ED2309F20C007F7B5E /* Build configuration list for PBXNativeTarget "MidiKeys" */ = {
			isa = XCConfigurationList;
			buildConfigurations = (
				02D210EE2309F20C007F7B5E /* Debug */,
				02D210EF2309F20C007F7B5E /* Release */,
			);
			defaultConfigurationIsVisible = 0;
			defaultConfigurationName = Release;
		};
/* End XCConfigurationList section */
	};
	rootObject = 02D210D42309F20A007F7B5E /* Project object */;
}
